
Microsoft Visual Studio Solution File, Format Version 12.00
# Visual Studio 2012
Project("{FAE04EC0-301F-11D3-BF4B-00C04F79EFBC}") = "EixoX", "EixoX\EixoX.csproj", "{0A418683-14D0-433F-BA4D-C4919C8069A7}"
EndProject
Project("{FAE04EC0-301F-11D3-BF4B-00C04F79EFBC}") = "EixoX.MySql", "EixoX.MySql\EixoX.MySql.csproj", "{22AED1B7-4D64-4240-9A18-B26D03533C57}"
EndProject
Project("{FAE04EC0-301F-11D3-BF4B-00C04F79EFBC}") = "EixoX.Tests", "EixoX.Tests\EixoX.Tests.csproj", "{88213BB6-066A-4817-9A52-AC68DCCC5D2B}"
EndProject
Project("{FAE04EC0-301F-11D3-BF4B-00C04F79EFBC}") = "EixoX.Net", "EixoX.Net\EixoX.Net.csproj", "{9ADFEA9D-F2D0-4D40-9EE1-929B3D96B24F}"
EndProject
Project("{FAE04EC0-301F-11D3-BF4B-00C04F79EFBC}") = "EixoX.Mathematica", "EixoX.Mathematica\EixoX.Mathematica.csproj", "{A3D56E5C-6EC6-4FC7-BCD6-7E19A013A949}"
EndProject
Global
	GlobalSection(SolutionConfigurationPlatforms) = preSolution
		Debug|Any CPU = Debug|Any CPU
		Release|Any CPU = Release|Any CPU
	EndGlobalSection
	GlobalSection(ProjectConfigurationPlatforms) = postSolution
		{0A418683-14D0-433F-BA4D-C4919C8069A7}.Debug|Any CPU.ActiveCfg = Debug|Any CPU
		{0A418683-14D0-433F-BA4D-C4919C8069A7}.Debug|Any CPU.Build.0 = Debug|Any CPU
		{0A418683-14D0-433F-BA4D-C4919C8069A7}.Release|Any CPU.ActiveCfg = Release|Any CPU
		{0A418683-14D0-433F-BA4D-C4919C8069A7}.Release|Any CPU.Build.0 = Release|Any CPU
		{22AED1B7-4D64-4240-9A18-B26D03533C57}.Debug|Any CPU.ActiveCfg = Debug|Any CPU
		{22AED1B7-4D64-4240-9A18-B26D03533C57}.Debug|Any CPU.Build.0 = Debug|Any CPU
		{22AED1B7-4D64-4240-9A18-B26D03533C57}.Release|Any CPU.ActiveCfg = Release|Any CPU
		{22AED1B7-4D64-4240-9A18-B26D03533C57}.Release|Any CPU.Build.0 = Release|Any CPU
		{88213BB6-066A-4817-9A52-AC68DCCC5D2B}.Debug|Any CPU.ActiveCfg = Debug|Any CPU
		{88213BB6-066A-4817-9A52-AC68DCCC5D2B}.Debug|Any CPU.Build.0 = Debug|Any CPU
		{88213BB6-066A-4817-9A52-AC68DCCC5D2B}.Release|Any CPU.ActiveCfg = Release|Any CPU
		{88213BB6-066A-4817-9A52-AC68DCCC5D2B}.Release|Any CPU.Build.0 = Release|Any CPU
		{9ADFEA9D-F2D0-4D40-9EE1-929B3D96B24F}.Debug|Any CPU.ActiveCfg = Debug|Any CPU
		{9ADFEA9D-F2D0-4D40-9EE1-929B3D96B24F}.Debug|Any CPU.Build.0 = Debug|Any CPU
		{9ADFEA9D-F2D0-4D40-9EE1-929B3D96B24F}.Release|Any CPU.ActiveCfg = Release|Any CPU
		{9ADFEA9D-F2D0-4D40-9EE1-929B3D96B24F}.Release|Any CPU.Build.0 = Release|Any CPU
		{A3D56E5C-6EC6-4FC7-BCD6-7E19A013A949}.Debug|Any CPU.ActiveCfg = Debug|Any CPU
		{A3D56E5C-6EC6-4FC7-BCD6-7E19A013A949}.Debug|Any CPU.Build.0 = Debug|Any CPU
		{A3D56E5C-6EC6-4FC7-BCD6-7E19A013A949}.Release|Any CPU.ActiveCfg = Release|Any CPU
		{A3D56E5C-6EC6-4FC7-BCD6-7E19A013A949}.Release|Any CPU.Build.0 = Release|Any CPU
	EndGlobalSection
	GlobalSection(SolutionProperties) = preSolution
		HideSolutionNode = FALSE
	EndGlobalSection
EndGlobal
